
Microsoft Visual Studio Solution File, Format Version 12.00
# Visual Studio Version 17
VisualStudioVersion = 17.7.34202.233
MinimumVisualStudioVersion = 10.0.40219.1
Project("{FAE04EC0-301F-11D3-BF4B-00C04F79EFBC}") = "AjaxMongoDBProject", "AjaxMongoDBProject\AjaxMongoDBProject.csproj", "{D676C708-9842-4CE1-B929-6A25F6CCAC5D}"
EndProject
Global
	GlobalSection(SolutionConfigurationPlatforms) = preSolution
		Debug|Any CPU = Debug|Any CPU
		Release|Any CPU = Release|Any CPU
	EndGlobalSection
	GlobalSection(ProjectConfigurationPlatforms) = postSolution
		{D676C708-9842-4CE1-B929-6A25F6CCAC5D}.Debug|Any CPU.ActiveCfg = Debug|Any CPU
		{D676C708-9842-4CE1-B929-6A25F6CCAC5D}.Debug|Any CPU.Build.0 = Debug|Any CPU
		{D676C708-9842-4CE1-B929-6A25F6CCAC5D}.Release|Any CPU.ActiveCfg = Release|Any CPU
		{D676C708-9842-4CE1-B929-6A25F6CCAC5D}.Release|Any CPU.Build.0 = Release|Any CPU
	EndGlobalSection
	GlobalSection(SolutionProperties) = preSolution
		HideSolutionNode = FALSE
	EndGlobalSection
	GlobalSection(ExtensibilityGlobals) = postSolution
		SolutionGuid = {CAD59324-F0BF-410B-B966-FB18C64E4270}
	EndGlobalSection
EndGlobal
